
Microsoft Visual Studio Solution File, Format Version 12.00
# Visual Studio Version 16
VisualStudioVersion = 16.0.29613.14
MinimumVisualStudioVersion = 10.0.40219.1
Project("{9A19103F-16F7-4668-BE54-9A1E7A4F7556}") = "DatingApp.API", "DatingApp.API.csproj", "{B7471261-BE34-4D41-A608-F464206C1DC1}"
EndProject
Global
	GlobalSection(SolutionConfigurationPlatforms) = preSolution
		Debug|Any CPU = Debug|Any CPU
		Release|Any CPU = Release|Any CPU
	EndGlobalSection
	GlobalSection(ProjectConfigurationPlatforms) = postSolution
		{B7471261-BE34-4D41-A608-F464206C1DC1}.Debug|Any CPU.ActiveCfg = Debug|Any CPU
		{B7471261-BE34-4D41-A608-F464206C1DC1}.Debug|Any CPU.Build.0 = Debug|Any CPU
		{B7471261-BE34-4D41-A608-F464206C1DC1}.Release|Any CPU.ActiveCfg = Release|Any CPU
		{B7471261-BE34-4D41-A608-F464206C1DC1}.Release|Any CPU.Build.0 = Release|Any CPU
	EndGlobalSection
	GlobalSection(SolutionProperties) = preSolution
		HideSolutionNode = FALSE
	EndGlobalSection
	GlobalSection(ExtensibilityGlobals) = postSolution
		SolutionGuid = {1BE2361C-13AA-414C-A629-3A6C12BAFD86}
	EndGlobalSection
EndGlobal
